// !$*UTF8*$!
{
	archiveVersion = 1;
	classes = {
	};
	objectVersion = 48;
	objects = {

/* Begin PBXBuildFile section */
		8D60EDE21FCC0EA100C6019E /* AppDelegate.swift in Sources */ = {isa = PBXBuildFile; fileRef = 8D60EDE11FCC0EA100C6019E /* AppDelegate.swift */; };
		8D60EDE41FCC0EA100C6019E /* ViewController.swift in Sources */ = {isa = PBXBuildFile; fileRef = 8D60EDE31FCC0EA100C6019E /* ViewController.swift */; };
		8D60EDE71FCC0EA100C6019E /* Main.storyboard in Resources */ = {isa = PBXBuildFile; fileRef = 8D60EDE51FCC0EA100C6019E /* Main.storyboard */; };
		8D60EDE91FCC0EA100C6019E /* Assets.xcassets in Resources */ = {isa = PBXBuildFile; fileRef = 8D60EDE81FCC0EA100C6019E /* Assets.xcassets */; };
		8D60EDEC1FCC0EA100C6019E /* LaunchScreen.storyboard in Resources */ = {isa = PBXBuildFile; fileRef = 8D60EDEA1FCC0EA100C6019E /* LaunchScreen.storyboard */; };
		8D60EDF71FCC0EA100C6019E /* ios_APNs_demoTests.swift in Sources */ = {isa = PBXBuildFile; fileRef = 8D60EDF61FCC0EA100C6019E /* ios_APNs_demoTests.swift */; };
		8D60EE021FCC0EA100C6019E /* ios_APNs_demoUITests.swift in Sources */ = {isa = PBXBuildFile; fileRef = 8D60EE011FCC0EA100C6019E /* ios_APNs_demoUITests.swift */; };
/* End PBXBuildFile section */

/* Begin PBXContainerItemProxy section */
		8D60EDF31FCC0EA100C6019E /* PBXContainerItemProxy */ = {
			isa = PBXContainerItemProxy;
			containerPortal = 8D60EDD61FCC0EA100C6019E /* Project object */;
			proxyType = 1;
			remoteGlobalIDString = 8D60EDDD1FCC0EA100C6019E;
			remoteInfo = ios_APNs_demo;
		};
		8D60EDFE1FCC0EA100C6019E /* PBXContainerItemProxy */ = {
			isa = PBXContainerItemProxy;
			containerPortal = 8D60EDD61FCC0EA100C6019E /* Project object */;
			proxyType = 1;
			remoteGlobalIDString = 8D60EDDD1FCC0EA100C6019E;
			remoteInfo = ios_APNs_demo;
		};
/* End PBXContainerItemProxy section */

/* Begin PBXFileReference section */
		8D60EDDE1FCC0EA100C6019E /* ios_APNs_demo.app */ = {isa = PBXFileReference; explicitFileType = wrapper.application; includeInIndex = 0; path = ios_APNs_demo.app; sourceTree = BUILT_PRODUCTS_DIR; };
		8D60EDE11FCC0EA100C6019E /* AppDelegate.swift */ = {isa = PBXFileReference; lastKnownFileType = sourcecode.swift; path = AppDelegate.swift; sourceTree = "<group>"; };
		8D60EDE31FCC0EA100C6019E /* ViewController.swift */ = {isa = PBXFileReference; lastKnownFileType = sourcecode.swift; path = ViewController.swift; sourceTree = "<group>"; };
		8D60EDE61FCC0EA100C6019E /* Base */ = {isa = PBXFileReference; lastKnownFileType = file.storyboard; name = Base; path = Base.lproj/Main.storyboard; sourceTree = "<group>"; };
		8D60EDE81FCC0EA100C6019E /* Assets.xcassets */ = {isa = PBXFileReference; lastKnownFileType = folder.assetcatalog; path = Assets.xcassets; sourceTree = "<group>"; };
		8D60EDEB1FCC0EA100C6019E /* Base */ = {isa = PBXFileReference; lastKnownFileType = file.storyboard; name = Base; path = Base.lproj/LaunchScreen.storyboard; sourceTree = "<group>"; };
		8D60EDED1FCC0EA100C6019E /* Info.plist */ = {isa = PBXFileReference; lastKnownFileType = text.plist.xml; path = Info.plist; sourceTree = "<group>"; };
		8D60EDF21FCC0EA100C6019E /* ios_APNs_demoTests.xctest */ = {isa = PBXFileReference; explicitFileType = wrapper.cfbundle; includeInIndex = 0; path = ios_APNs_demoTests.xctest; sourceTree = BUILT_PRODUCTS_DIR; };
		8D60EDF61FCC0EA100C6019E /* ios_APNs_demoTests.swift */ = {isa = PBXFileReference; lastKnownFileType = sourcecode.swift; path = ios_APNs_demoTests.swift; sourceTree = "<group>"; };
		8D60EDF81FCC0EA100C6019E /* Info.plist */ = {isa = PBXFileReference; lastKnownFileType = text.plist.xml; path = Info.plist; sourceTree = "<group>"; };
		8D60EDFD1FCC0EA100C6019E /* ios_APNs_demoUITests.xctest */ = {isa = PBXFileReference; explicitFileType = wrapper.cfbundle; includeInIndex = 0; path = ios_APNs_demoUITests.xctest; sourceTree = BUILT_PRODUCTS_DIR; };
		8D60EE011FCC0EA100C6019E /* ios_APNs_demoUITests.swift */ = {isa = PBXFileReference; lastKnownFileType = sourcecode.swift; path = ios_APNs_demoUITests.swift; sourceTree = "<group>"; };
		8D60EE031FCC0EA100C6019E /* Info.plist */ = {isa = PBXFileReference; lastKnownFileType = text.plist.xml; path = Info.plist; sourceTree = "<group>"; };
		8D60EE0F1FCC0F7100C6019E /* ios_APNs_demo.entitlements */ = {isa = PBXFileReference; lastKnownFileType = text.plist.entitlements; path = ios_APNs_demo.entitlements; sourceTree = "<group>"; };
/* End PBXFileReference section */

/* Begin PBXFrameworksBuildPhase section */
		8D60EDDB1FCC0EA100C6019E /* Frameworks */ = {
			isa = PBXFrameworksBuildPhase;
			buildActionMask = 2147483647;
			files = (
			);
			runOnlyForDeploymentPostprocessing = 0;
		};
		8D60EDEF1FCC0EA100C6019E /* Frameworks */ = {
			isa = PBXFrameworksBuildPhase;
			buildActionMask = 2147483647;
			files = (
			);
			runOnlyForDeploymentPostprocessing = 0;
		};
		8D60EDFA1FCC0EA100C6019E /* Frameworks */ = {
			isa = PBXFrameworksBuildPhase;
			buildActionMask = 2147483647;
			files = (
			);
			runOnlyForDeploymentPostprocessing = 0;
		};
/* End PBXFrameworksBuildPhase section */

/* Begin PBXGroup section */
		8D60EDD51FCC0EA100C6019E = {
			isa = PBXGroup;
			children = (
				8D60EDE01FCC0EA100C6019E /* ios_APNs_demo */,
				8D60EDF51FCC0EA100C6019E /* ios_APNs_demoTests */,
				8D60EE001FCC0EA100C6019E /* ios_APNs_demoUITests */,
				8D60EDDF1FCC0EA100C6019E /* Products */,
			);
			sourceTree = "<group>";
		};
		8D60EDDF1FCC0EA100C6019E /* Products */ = {
			isa = PBXGroup;
			children = (
				8D60EDDE1FCC0EA100C6019E /* ios_APNs_demo.app */,
				8D60EDF21FCC0EA100C6019E /* ios_APNs_demoTests.xctest */,
				8D60EDFD1FCC0EA100C6019E /* ios_APNs_demoUITests.xctest */,
			);
			name = Products;
			sourceTree = "<group>";
		};
		8D60EDE01FCC0EA100C6019E /* ios_APNs_demo */ = {
			isa = PBXGroup;
			children = (
				8D60EE0F1FCC0F7100C6019E /* ios_APNs_demo.entitlements */,
				8D60EDE11FCC0EA100C6019E /* AppDelegate.swift */,
				8D60EDE31FCC0EA100C6019E /* ViewController.swift */,
				8D60EDE51FCC0EA100C6019E /* Main.storyboard */,
				8D60EDE81FCC0EA100C6019E /* Assets.xcassets */,
				8D60EDEA1FCC0EA100C6019E /* LaunchScreen.storyboard */,
				8D60EDED1FCC0EA100C6019E /* Info.plist */,
			);
			path = ios_APNs_demo;
			sourceTree = "<group>";
		};
		8D60EDF51FCC0EA100C6019E /* ios_APNs_demoTests */ = {
			isa = PBXGroup;
			children = (
				8D60EDF61FCC0EA100C6019E /* ios_APNs_demoTests.swift */,
				8D60EDF81FCC0EA100C6019E /* Info.plist */,
			);
			path = ios_APNs_demoTests;
			sourceTree = "<group>";
		};
		8D60EE001FCC0EA100C6019E /* ios_APNs_demoUITests */ = {
			isa = PBXGroup;
			children = (
				8D60EE011FCC0EA100C6019E /* ios_APNs_demoUITests.swift */,
				8D60EE031FCC0EA100C6019E /* Info.plist */,
			);
			path = ios_APNs_demoUITests;
			sourceTree = "<group>";
		};
/* End PBXGroup section */

/* Begin PBXNativeTarget section */
		8D60EDDD1FCC0EA100C6019E /* ios_APNs_demo */ = {
			isa = PBXNativeTarget;
			buildConfigurationList = 8D60EE061FCC0EA100C6019E /* Build configuration list for PBXNativeTarget "ios_APNs_demo" */;
			buildPhases = (
				8D60EDDA1FCC0EA100C6019E /* Sources */,
				8D60EDDB1FCC0EA100C6019E /* Frameworks */,
				8D60EDDC1FCC0EA100C6019E /* Resources */,
			);
			buildRules = (
			);
			dependencies = (
			);
			name = ios_APNs_demo;
			productName = ios_APNs_demo;
			productReference = 8D60EDDE1FCC0EA100C6019E /* ios_APNs_demo.app */;
			productType = "com.apple.product-type.application";
		};
		8D60EDF11FCC0EA100C6019E /* ios_APNs_demoTests */ = {
			isa = PBXNativeTarget;
			buildConfigurationList = 8D60EE091FCC0EA100C6019E /* Build configuration list for PBXNativeTarget "ios_APNs_demoTests" */;
			buildPhases = (
				8D60EDEE1FCC0EA100C6019E /* Sources */,
				8D60EDEF1FCC0EA100C6019E /* Frameworks */,
				8D60EDF01FCC0EA100C6019E /* Resources */,
			);
			buildRules = (
			);
			dependencies = (
				8D60EDF41FCC0EA100C6019E /* PBXTargetDependency */,
			);
			name = ios_APNs_demoTests;
			productName = ios_APNs_demoTests;
			productReference = 8D60EDF21FCC0EA100C6019E /* ios_APNs_demoTests.xctest */;
			productType = "com.apple.product-type.bundle.unit-test";
		};
		8D60EDFC1FCC0EA100C6019E /* ios_APNs_demoUITests */ = {
			isa = PBXNativeTarget;
			buildConfigurationList = 8D60EE0C1FCC0EA100C6019E /* Build configuration list for PBXNativeTarget "ios_APNs_demoUITests" */;
			buildPhases = (
				8D60EDF91FCC0EA100C6019E /* Sources */,
				8D60EDFA1FCC0EA100C6019E /* Frameworks */,
				8D60EDFB1FCC0EA100C6019E /* Resources */,
			);
			buildRules = (
			);
			dependencies = (
				8D60EDFF1FCC0EA100C6019E /* PBXTargetDependency */,
			);
			name = ios_APNs_demoUITests;
			productName = ios_APNs_demoUITests;
			productReference = 8D60EDFD1FCC0EA100C6019E /* ios_APNs_demoUITests.xctest */;
			productType = "com.apple.product-type.bundle.ui-testing";
		};
/* End PBXNativeTarget section */

/* Begin PBXProject section */
		8D60EDD61FCC0EA100C6019E /* Project object */ = {
			isa = PBXProject;
			attributes = {
				LastSwiftUpdateCheck = 0910;
				LastUpgradeCheck = 0910;
				ORGANIZATIONNAME = mm;
				TargetAttributes = {
					8D60EDDD1FCC0EA100C6019E = {
						CreatedOnToolsVersion = 9.1;
						ProvisioningStyle = Automatic;
						SystemCapabilities = {
							com.apple.Push = {
								enabled = 1;
							};
						};
					};
					8D60EDF11FCC0EA100C6019E = {
						CreatedOnToolsVersion = 9.1;
						ProvisioningStyle = Automatic;
						TestTargetID = 8D60EDDD1FCC0EA100C6019E;
					};
					8D60EDFC1FCC0EA100C6019E = {
						CreatedOnToolsVersion = 9.1;
						ProvisioningStyle = Automatic;
						TestTargetID = 8D60EDDD1FCC0EA100C6019E;
					};
				};
			};
			buildConfigurationList = 8D60EDD91FCC0EA100C6019E /* Build configuration list for PBXProject "ios_APNs_demo" */;
			compatibilityVersion = "Xcode 8.0";
			developmentRegion = en;
			hasScannedForEncodings = 0;
			knownRegions = (
				en,
				Base,
			);
			mainGroup = 8D60EDD51FCC0EA100C6019E;
			productRefGroup = 8D60EDDF1FCC0EA100C6019E /* Products */;
			projectDirPath = "";
			projectRoot = "";
			targets = (
				8D60EDDD1FCC0EA100C6019E /* ios_APNs_demo */,
				8D60EDF11FCC0EA100C6019E /* ios_APNs_demoTests */,
				8D60EDFC1FCC0EA100C6019E /* ios_APNs_demoUITests */,
			);
		};
/* End PBXProject section */

/* Begin PBXResourcesBuildPhase section */
		8D60EDDC1FCC0EA100C6019E /* Resources */ = {
			isa = PBXResourcesBuildPhase;
			buildActionMask = 2147483647;
			files = (
				8D60EDEC1FCC0EA100C6019E /* LaunchScreen.storyboard in Resources */,
				8D60EDE91FCC0EA100C6019E /* Assets.xcassets in Resources */,
				8D60EDE71FCC0EA100C6019E /* Main.storyboard in Resources */,
			);
			runOnlyForDeploymentPostprocessing = 0;
		};
		8D60EDF01FCC0EA100C6019E /* Resources */ = {
			isa = PBXResourcesBuildPhase;
			buildActionMask = 2147483647;
			files = (
			);
			runOnlyForDeploymentPostprocessing = 0;
		};
		8D60EDFB1FCC0EA100C6019E /* Resources */ = {
			isa = PBXResourcesBuildPhase;
			buildActionMask = 2147483647;
			files = (
			);
			runOnlyForDeploymentPostprocessing = 0;
		};
/* End PBXResourcesBuildPhase section */

/* Begin PBXSourcesBuildPhase section */
		8D60EDDA1FCC0EA100C6019E /* Sources */ = {
			isa = PBXSourcesBuildPhase;
			buildActionMask = 2147483647;
			files = (
				8D60EDE41FCC0EA100C6019E /* ViewController.swift in Sources */,
				8D60EDE21FCC0EA100C6019E /* AppDelegate.swift in Sources */,
			);
			runOnlyForDeploymentPostprocessing = 0;
		};
		8D60EDEE1FCC0EA100C6019E /* Sources */ = {
			isa = PBXSourcesBuildPhase;
			buildActionMask = 2147483647;
			files = (
				8D60EDF71FCC0EA100C6019E /* ios_APNs_demoTests.swift in Sources */,
			);
			runOnlyForDeploymentPostprocessing = 0;
		};
		8D60EDF91FCC0EA100C6019E /* Sources */ = {
			isa = PBXSourcesBuildPhase;
			buildActionMask = 2147483647;
			files = (
				8D60EE021FCC0EA100C6019E /* ios_APNs_demoUITests.swift in Sources */,
			);
			runOnlyForDeploymentPostprocessing = 0;
		};
/* End PBXSourcesBuildPhase section */

/* Begin PBXTargetDependency section */
		8D60EDF41FCC0EA100C6019E /* PBXTargetDependency */ = {
			isa = PBXTargetDependency;
			target = 8D60EDDD1FCC0EA100C6019E /* ios_APNs_demo */;
			targetProxy = 8D60EDF31FCC0EA100C6019E /* PBXContainerItemProxy */;
		};
		8D60EDFF1FCC0EA100C6019E /* PBXTargetDependency */ = {
			isa = PBXTargetDependency;
			target = 8D60EDDD1FCC0EA100C6019E /* ios_APNs_demo */;
			targetProxy = 8D60EDFE1FCC0EA100C6019E /* PBXContainerItemProxy */;
		};
/* End PBXTargetDependency section */

/* Begin PBXVariantGroup section */
		8D60EDE51FCC0EA100C6019E /* Main.storyboard */ = {
			isa = PBXVariantGroup;
			children = (
				8D60EDE61FCC0EA100C6019E /* Base */,
			);
			name = Main.storyboard;
			sourceTree = "<group>";
		};
		8D60EDEA1FCC0EA100C6019E /* LaunchScreen.storyboard */ = {
			isa = PBXVariantGroup;
			children = (
				8D60EDEB1FCC0EA100C6019E /* Base */,
			);
			name = LaunchScreen.storyboard;
			sourceTree = "<group>";
		};
/* End PBXVariantGroup section */

/* Begin XCBuildConfiguration section */
		8D60EE041FCC0EA100C6019E /* Debug */ = {
			isa = XCBuildConfiguration;
			buildSettings = {
				ALWAYS_SEARCH_USER_PATHS = NO;
				CLANG_ANALYZER_NONNULL = YES;
				CLANG_ANALYZER_NUMBER_OBJECT_CONVERSION = YES_AGGRESSIVE;
				CLANG_CXX_LANGUAGE_STANDARD = "gnu++14";
				CLANG_CXX_LIBRARY = "libc++";
				CLANG_ENABLE_MODULES = YES;
				CLANG_ENABLE_OBJC_ARC = YES;
				CLANG_WARN_BLOCK_CAPTURE_AUTORELEASING = YES;
				CLANG_WARN_BOOL_CONVERSION = YES;
				CLANG_WARN_COMMA = YES;
				CLANG_WARN_CONSTANT_CONVERSION = YES;
				CLANG_WARN_DIRECT_OBJC_ISA_USAGE = YES_ERROR;
				CLANG_WARN_DOCUMENTATION_COMMENTS = YES;
				CLANG_WARN_EMPTY_BODY = YES;
				CLANG_WARN_ENUM_CONVERSION = YES;
				CLANG_WARN_INFINITE_RECURSION = YES;
				CLANG_WARN_INT_CONVERSION = YES;
				CLANG_WARN_NON_LITERAL_NULL_CONVERSION = YES;
				CLANG_WARN_OBJC_LITERAL_CONVERSION = YES;
				CLANG_WARN_OBJC_ROOT_CLASS = YES_ERROR;
				CLANG_WARN_RANGE_LOOP_ANALYSIS = YES;
				CLANG_WARN_STRICT_PROTOTYPES = YES;
				CLANG_WARN_SUSPICIOUS_MOVE = YES;
				CLANG_WARN_UNGUARDED_AVAILABILITY = YES_AGGRESSIVE;
				CLANG_WARN_UNREACHABLE_CODE = YES;
				CLANG_WARN__DUPLICATE_METHOD_MATCH = YES;
				CODE_SIGN_IDENTITY = "iPhone Developer";
				COPY_PHASE_STRIP = NO;
				DEBUG_INFORMATION_FORMAT = dwarf;
				ENABLE_STRICT_OBJC_MSGSEND = YES;
				ENABLE_TESTABILITY = YES;
				GCC_C_LANGUAGE_STANDARD = gnu11;
				GCC_DYNAMIC_NO_PIC = NO;
				GCC_NO_COMMON_BLOCKS = YES;
				GCC_OPTIMIZATION_LEVEL = 0;
				GCC_PREPROCESSOR_DEFINITIONS = (
					"DEBUG=1",
					"$(inherited)",
				);
				GCC_WARN_64_TO_32_BIT_CONVERSION = YES;
				GCC_WARN_ABOUT_RETURN_TYPE = YES_ERROR;
				GCC_WARN_UNDECLARED_SELECTOR = YES;
				GCC_WARN_UNINITIALIZED_AUTOS = YES_AGGRESSIVE;
				GCC_WARN_UNUSED_FUNCTION = YES;
				GCC_WARN_UNUSED_VARIABLE = YES;
				IPHONEOS_DEPLOYMENT_TARGET = 11.1;
				MTL_ENABLE_DEBUG_INFO = YES;
				ONLY_ACTIVE_ARCH = YES;
				SDKROOT = iphoneos;
				SWIFT_ACTIVE_COMPILATION_CONDITIONS = DEBUG;
				SWIFT_OPTIMIZATION_LEVEL = "-Onone";
			};
			name = Debug;
		};
		8D60EE051FCC0EA100C6019E /* Release */ = {
			isa = XCBuildConfiguration;
			buildSettings = {
				ALWAYS_SEARCH_USER_PATHS = NO;
				CLANG_ANALYZER_NONNULL = YES;
				CLANG_ANALYZER_NUMBER_OBJECT_CONVERSION = YES_AGGRESSIVE;
				CLANG_CXX_LANGUAGE_STANDARD = "gnu++14";
				CLANG_CXX_LIBRARY = "libc++";
				CLANG_ENABLE_MODULES = YES;
				CLANG_ENABLE_OBJC_ARC = YES;
				CLANG_WARN_BLOCK_CAPTURE_AUTORELEASING = YES;
				CLANG_WARN_BOOL_CONVERSION = YES;
				CLANG_WARN_COMMA = YES;
				CLANG_WARN_CONSTANT_CONVERSION = YES;
				CLANG_WARN_DIRECT_OBJC_ISA_USAGE = YES_ERROR;
				CLANG_WARN_DOCUMENTATION_COMMENTS = YES;
				CLANG_WARN_EMPTY_BODY = YES;
				CLANG_WARN_ENUM_CONVERSION = YES;
				CLANG_WARN_INFINITE_RECURSION = YES;
				CLANG_WARN_INT_CONVERSION = YES;
				CLANG_WARN_NON_LITERAL_NULL_CONVERSION = YES;
				CLANG_WARN_OBJC_LITERAL_CONVERSION = YES;
				CLANG_WARN_OBJC_ROOT_CLASS = YES_ERROR;
				CLANG_WARN_RANGE_LOOP_ANALYSIS = YES;
				CLANG_WARN_STRICT_PROTOTYPES = YES;
				CLANG_WARN_SUSPICIOUS_MOVE = YES;
				CLANG_WARN_UNGUARDED_AVAILABILITY = YES_AGGRESSIVE;
				CLANG_WARN_UNREACHABLE_CODE = YES;
				CLANG_WARN__DUPLICATE_METHOD_MATCH = YES;
				CODE_SIGN_IDENTITY = "iPhone Developer";
				COPY_PHASE_STRIP = NO;
				DEBUG_INFORMATION_FORMAT = "dwarf-with-dsym";
				ENABLE_NS_ASSERTIONS = NO;
				ENABLE_STRICT_OBJC_MSGSEND = YES;
				GCC_C_LANGUAGE_STANDARD = gnu11;
				GCC_NO_COMMON_BLOCKS = YES;
				GCC_WARN_64_TO_32_BIT_CONVERSION = YES;
				GCC_WARN_ABOUT_RETURN_TYPE = YES_ERROR;
				GCC_WARN_UNDECLARED_SELECTOR = YES;
				GCC_WARN_UNINITIALIZED_AUTOS = YES_AGGRESSIVE;
				GCC_WARN_UNUSED_FUNCTION = YES;
				GCC_WARN_UNUSED_VARIABLE = YES;
				IPHONEOS_DEPLOYMENT_TARGET = 11.1;
				MTL_ENABLE_DEBUG_INFO = NO;
				SDKROOT = iphoneos;
				SWIFT_OPTIMIZATION_LEVEL = "-Owholemodule";
				VALIDATE_PRODUCT = YES;
			};
			name = Release;
		};
		8D60EE071FCC0EA100C6019E /* Debug */ = {
			isa = XCBuildConfiguration;
			buildSettings = {
				ASSETCATALOG_COMPILER_APPICON_NAME = AppIcon;
				CODE_SIGN_ENTITLEMENTS = ios_APNs_demo/ios_APNs_demo.entitlements;
				CODE_SIGN_STYLE = Automatic;
				DEVELOPMENT_TEAM = UBKD898HW5;
				INFOPLIST_FILE = ios_APNs_demo/Info.plist;
				IPHONEOS_DEPLOYMENT_TARGET = 8.0;
				LD_RUNPATH_SEARCH_PATHS = "$(inherited) @executable_path/Frameworks";
				PRODUCT_BUNDLE_IDENTIFIER = com.qqxnz.chatTestApp;
				PRODUCT_NAME = "$(TARGET_NAME)";
				SWIFT_VERSION = 4.0;
				TARGETED_DEVICE_FAMILY = "1,2";
			};
			name = Debug;
		};
		8D60EE081FCC0EA100C6019E /* Release */ = {
			isa = XCBuildConfiguration;
			buildSettings = {
				ASSETCATALOG_COMPILER_APPICON_NAME = AppIcon;
				CODE_SIGN_ENTITLEMENTS = ios_APNs_demo/ios_APNs_demo.entitlements;
				CODE_SIGN_STYLE = Automatic;
				DEVELOPMENT_TEAM = UBKD898HW5;
				INFOPLIST_FILE = ios_APNs_demo/Info.plist;
				IPHONEOS_DEPLOYMENT_TARGET = 8.0;
				LD_RUNPATH_SEARCH_PATHS = "$(inherited) @executable_path/Frameworks";
				PRODUCT_BUNDLE_IDENTIFIER = com.qqxnz.chatTestApp;
				PRODUCT_NAME = "$(TARGET_NAME)";
				SWIFT_VERSION = 4.0;
				TARGETED_DEVICE_FAMILY = "1,2";
			};
			name = Release;
		};
		8D60EE0A1FCC0EA100C6019E /* Debug */ = {
			isa = XCBuildConfiguration;
			buildSettings = {
				ALWAYS_EMBED_SWIFT_STANDARD_LIBRARIES = YES;
				BUNDLE_LOADER = "$(TEST_HOST)";
				CODE_SIGN_STYLE = Automatic;
				INFOPLIST_FILE = ios_APNs_demoTests/Info.plist;
				LD_RUNPATH_SEARCH_PATHS = "$(inherited) @executable_path/Frameworks @loader_path/Frameworks";
				PRODUCT_BUNDLE_IDENTIFIER = "com.qqxnz..ios-APNs-demoTests";
				PRODUCT_NAME = "$(TARGET_NAME)";
				SWIFT_VERSION = 4.0;
				TARGETED_DEVICE_FAMILY = "1,2";
				TEST_HOST = "$(BUILT_PRODUCTS_DIR)/ios_APNs_demo.app/ios_APNs_demo";
			};
			name = Debug;
		};
		8D60EE0B1FCC0EA100C6019E /* Release */ = {
			isa = XCBuildConfiguration;
			buildSettings = {
				ALWAYS_EMBED_SWIFT_STANDARD_LIBRARIES = YES;
				BUNDLE_LOADER = "$(TEST_HOST)";
				CODE_SIGN_STYLE = Automatic;
				INFOPLIST_FILE = ios_APNs_demoTests/Info.plist;
				LD_RUNPATH_SEARCH_PATHS = "$(inherited) @executable_path/Frameworks @loader_path/Frameworks";
				PRODUCT_BUNDLE_IDENTIFIER = "com.qqxnz..ios-APNs-demoTests";
				PRODUCT_NAME = "$(TARGET_NAME)";
				SWIFT_VERSION = 4.0;
				TARGETED_DEVICE_FAMILY = "1,2";
				TEST_HOST = "$(BUILT_PRODUCTS_DIR)/ios_APNs_demo.app/ios_APNs_demo";
			};
			name = Release;
		};
		8D60EE0D1FCC0EA100C6019E /* Debug */ = {
			isa = XCBuildConfiguration;
			buildSettings = {
				ALWAYS_EMBED_SWIFT_STANDARD_LIBRARIES = YES;
				CODE_SIGN_STYLE = Automatic;
				INFOPLIST_FILE = ios_APNs_demoUITests/Info.plist;
				LD_RUNPATH_SEARCH_PATHS = "$(inherited) @executable_path/Frameworks @loader_path/Frameworks";
				PRODUCT_BUNDLE_IDENTIFIER = "com.qqxnz..ios-APNs-demoUITests";
				PRODUCT_NAME = "$(TARGET_NAME)";
				SWIFT_VERSION = 4.0;
				TARGETED_DEVICE_FAMILY = "1,2";
				TEST_TARGET_NAME = ios_APNs_demo;
			};
			name = Debug;
		};
		8D60EE0E1FCC0EA100C6019E /* Release */ = {
			isa = XCBuildConfiguration;
			buildSettings = {
				ALWAYS_EMBED_SWIFT_STANDARD_LIBRARIES = YES;
				CODE_SIGN_STYLE = Automatic;
				INFOPLIST_FILE = ios_APNs_demoUITests/Info.plist;
				LD_RUNPATH_SEARCH_PATHS = "$(inherited) @executable_path/Frameworks @loader_path/Frameworks";
				PRODUCT_BUNDLE_IDENTIFIER = "com.qqxnz..ios-APNs-demoUITests";
				PRODUCT_NAME = "$(TARGET_NAME)";
				SWIFT_VERSION = 4.0;
				TARGETED_DEVICE_FAMILY = "1,2";
				TEST_TARGET_NAME = ios_APNs_demo;
			};
			name = Release;
		};
/* End XCBuildConfiguration section */

/* Begin XCConfigurationList section */
		8D60EDD91FCC0EA100C6019E /* Build configuration list for PBXProject "ios_APNs_demo" */ = {
			isa = XCConfigurationList;
			buildConfigurations = (
				8D60EE041FCC0EA100C6019E /* Debug */,
				8D60EE051FCC0EA100C6019E /* Release */,
			);
			defaultConfigurationIsVisible = 0;
			defaultConfigurationName = Release;
		};
		8D60EE061FCC0EA100C6019E /* Build configuration list for PBXNativeTarget "ios_APNs_demo" */ = {
			isa = XCConfigurationList;
			buildConfigurations = (
				8D60EE071FCC0EA100C6019E /* Debug */,
				8D60EE081FCC0EA100C6019E /* Release */,
			);
			defaultConfigurationIsVisible = 0;
			defaultConfigurationName = Release;
		};
		8D60EE091FCC0EA100C6019E /* Build configuration list for PBXNativeTarget "ios_APNs_demoTests" */ = {
			isa = XCConfigurationList;
			buildConfigurations = (
				8D60EE0A1FCC0EA100C6019E /* Debug */,
				8D60EE0B1FCC0EA100C6019E /* Release */,
			);
			defaultConfigurationIsVisible = 0;
			defaultConfigurationName = Release;
		};
		8D60EE0C1FCC0EA100C6019E /* Build configuration list for PBXNativeTarget "ios_APNs_demoUITests" */ = {
			isa = XCConfigurationList;
			buildConfigurations = (
				8D60EE0D1FCC0EA100C6019E /* Debug */,
				8D60EE0E1FCC0EA100C6019E /* Release */,
			);
			defaultConfigurationIsVisible = 0;
			defaultConfigurationName = Release;
		};
/* End XCConfigurationList section */
	};
	rootObject = 8D60EDD61FCC0EA100C6019E /* Project object */;
}
